
Microsoft Visual Studio Solution File, Format Version 12.00
# Visual Studio Version 16
VisualStudioVersion = 16.0.31624.102
MinimumVisualStudioVersion = 10.0.40219.1
Project("{9A19103F-16F7-4668-BE54-9A1E7A4F7556}") = "DavetiyeEntities", "DavetiyeEntities\DavetiyeEntities.csproj", "{595B3351-41A4-4C46-8C4C-2DF2650C0E00}"
EndProject
Project("{9A19103F-16F7-4668-BE54-9A1E7A4F7556}") = "DavetiyeDataAccess", "DavetiyeDataAccess\DavetiyeDataAccess.csproj", "{036BF662-7978-4A89-8F91-318C342F2967}"
EndProject
Project("{9A19103F-16F7-4668-BE54-9A1E7A4F7556}") = "DavetiyeBusiness", "DavetiyeBusiness\DavetiyeBusiness.csproj", "{06AF7679-55E8-44E2-8DFB-B4918B87011B}"
EndProject
Project("{9A19103F-16F7-4668-BE54-9A1E7A4F7556}") = "DavetiyeWebApi", "DavetiyeWebApi\DavetiyeWebApi.csproj", "{1F6916AA-2891-4840-A5D2-0CF39A675EE8}"
EndProject
Project("{FAE04EC0-301F-11D3-BF4B-00C04F79EFBC}") = "DavetiyeApiUi", "DavetiyeApiUi\DavetiyeApiUi.csproj", "{FAA0DD95-0C12-4182-81ED-80D0FE3DABB6}"
EndProject
Global
	GlobalSection(SolutionConfigurationPlatforms) = preSolution
		Debug|Any CPU = Debug|Any CPU
		Release|Any CPU = Release|Any CPU
	EndGlobalSection
	GlobalSection(ProjectConfigurationPlatforms) = postSolution
		{595B3351-41A4-4C46-8C4C-2DF2650C0E00}.Debug|Any CPU.ActiveCfg = Debug|Any CPU
		{595B3351-41A4-4C46-8C4C-2DF2650C0E00}.Debug|Any CPU.Build.0 = Debug|Any CPU
		{595B3351-41A4-4C46-8C4C-2DF2650C0E00}.Release|Any CPU.ActiveCfg = Release|Any CPU
		{595B3351-41A4-4C46-8C4C-2DF2650C0E00}.Release|Any CPU.Build.0 = Release|Any CPU
		{036BF662-7978-4A89-8F91-318C342F2967}.Debug|Any CPU.ActiveCfg = Debug|Any CPU
		{036BF662-7978-4A89-8F91-318C342F2967}.Debug|Any CPU.Build.0 = Debug|Any CPU
		{036BF662-7978-4A89-8F91-318C342F2967}.Release|Any CPU.ActiveCfg = Release|Any CPU
		{036BF662-7978-4A89-8F91-318C342F2967}.Release|Any CPU.Build.0 = Release|Any CPU
		{06AF7679-55E8-44E2-8DFB-B4918B87011B}.Debug|Any CPU.ActiveCfg = Debug|Any CPU
		{06AF7679-55E8-44E2-8DFB-B4918B87011B}.Debug|Any CPU.Build.0 = Debug|Any CPU
		{06AF7679-55E8-44E2-8DFB-B4918B87011B}.Release|Any CPU.ActiveCfg = Release|Any CPU
		{06AF7679-55E8-44E2-8DFB-B4918B87011B}.Release|Any CPU.Build.0 = Release|Any CPU
		{1F6916AA-2891-4840-A5D2-0CF39A675EE8}.Debug|Any CPU.ActiveCfg = Debug|Any CPU
		{1F6916AA-2891-4840-A5D2-0CF39A675EE8}.Debug|Any CPU.Build.0 = Debug|Any CPU
		{1F6916AA-2891-4840-A5D2-0CF39A675EE8}.Release|Any CPU.ActiveCfg = Release|Any CPU
		{1F6916AA-2891-4840-A5D2-0CF39A675EE8}.Release|Any CPU.Build.0 = Release|Any CPU
		{FAA0DD95-0C12-4182-81ED-80D0FE3DABB6}.Debug|Any CPU.ActiveCfg = Debug|Any CPU
		{FAA0DD95-0C12-4182-81ED-80D0FE3DABB6}.Debug|Any CPU.Build.0 = Debug|Any CPU
		{FAA0DD95-0C12-4182-81ED-80D0FE3DABB6}.Release|Any CPU.ActiveCfg = Release|Any CPU
		{FAA0DD95-0C12-4182-81ED-80D0FE3DABB6}.Release|Any CPU.Build.0 = Release|Any CPU
	EndGlobalSection
	GlobalSection(SolutionProperties) = preSolution
		HideSolutionNode = FALSE
	EndGlobalSection
	GlobalSection(ExtensibilityGlobals) = postSolution
		SolutionGuid = {BFC16D45-C506-4C12-B712-ED18D6A63F9D}
	EndGlobalSection
EndGlobal
